
Microsoft Visual Studio Solution File, Format Version 12.00
# Visual Studio Version 16
VisualStudioVersion = 16.0.29519.181
MinimumVisualStudioVersion = 10.0.40219.1
Project("{FAE04EC0-301F-11D3-BF4B-00C04F79EFBC}") = "Laba_1_Form", "Laba_1_Form\Laba_1_Form.csproj", "{D69D37FF-F1D4-43BE-8A17-A529CA8ACFEA}"
EndProject
Project("{9A19103F-16F7-4668-BE54-9A1E7A4F7556}") = "ClassEllips", "Laba_1_Form\Plugins\ClassEllips\ClassEllips.csproj", "{03E30924-0FB4-4B07-BBF1-A70A4F5FB968}"
EndProject
Project("{9A19103F-16F7-4668-BE54-9A1E7A4F7556}") = "ClassFigure", "Laba_1_Form\Plugins\ClassFigure\ClassFigure.csproj", "{225972EA-AB08-4B54-B3FA-08F6C4220F47}"
EndProject
Global
	GlobalSection(SolutionConfigurationPlatforms) = preSolution
		Debug|Any CPU = Debug|Any CPU
		Release|Any CPU = Release|Any CPU
	EndGlobalSection
	GlobalSection(ProjectConfigurationPlatforms) = postSolution
		{D69D37FF-F1D4-43BE-8A17-A529CA8ACFEA}.Debug|Any CPU.ActiveCfg = Debug|Any CPU
		{D69D37FF-F1D4-43BE-8A17-A529CA8ACFEA}.Debug|Any CPU.Build.0 = Debug|Any CPU
		{D69D37FF-F1D4-43BE-8A17-A529CA8ACFEA}.Release|Any CPU.ActiveCfg = Release|Any CPU
		{D69D37FF-F1D4-43BE-8A17-A529CA8ACFEA}.Release|Any CPU.Build.0 = Release|Any CPU
		{03E30924-0FB4-4B07-BBF1-A70A4F5FB968}.Debug|Any CPU.ActiveCfg = Debug|Any CPU
		{03E30924-0FB4-4B07-BBF1-A70A4F5FB968}.Debug|Any CPU.Build.0 = Debug|Any CPU
		{03E30924-0FB4-4B07-BBF1-A70A4F5FB968}.Release|Any CPU.ActiveCfg = Release|Any CPU
		{03E30924-0FB4-4B07-BBF1-A70A4F5FB968}.Release|Any CPU.Build.0 = Release|Any CPU
		{225972EA-AB08-4B54-B3FA-08F6C4220F47}.Debug|Any CPU.ActiveCfg = Debug|Any CPU
		{225972EA-AB08-4B54-B3FA-08F6C4220F47}.Debug|Any CPU.Build.0 = Debug|Any CPU
		{225972EA-AB08-4B54-B3FA-08F6C4220F47}.Release|Any CPU.ActiveCfg = Release|Any CPU
		{225972EA-AB08-4B54-B3FA-08F6C4220F47}.Release|Any CPU.Build.0 = Release|Any CPU
	EndGlobalSection
	GlobalSection(SolutionProperties) = preSolution
		HideSolutionNode = FALSE
	EndGlobalSection
	GlobalSection(ExtensibilityGlobals) = postSolution
		SolutionGuid = {E53AD58B-7C1A-4DC7-A3A8-B7D9DB37962A}
	EndGlobalSection
EndGlobal
